
Microsoft Visual Studio Solution File, Format Version 12.00
# Visual Studio 2012
Project("{FAE04EC0-301F-11D3-BF4B-00C04F79EFBC}") = "EL.Server", "EL.Server\EL.Server.csproj", "{2A932FC6-B474-4B0A-A24B-EC052A35F34C}"
EndProject
Project("{FAE04EC0-301F-11D3-BF4B-00C04F79EFBC}") = "EL.WebApi", "EL.WebApi\EL.WebApi.csproj", "{6A6E33CD-184C-4093-8B77-4CBB2F7B2861}"
EndProject
Project("{FAE04EC0-301F-11D3-BF4B-00C04F79EFBC}") = "EL.Logic", "EL.Logic\EL.Logic.csproj", "{8426919A-7D87-450B-9567-85734040CDEB}"
EndProject
Project("{FAE04EC0-301F-11D3-BF4B-00C04F79EFBC}") = "EL.EntityModels", "EL.EntityModels\EL.EntityModels.csproj", "{DC1B4790-B09D-4054-9026-C7ACD29A12A2}"
EndProject
Project("{FAE04EC0-301F-11D3-BF4B-00C04F79EFBC}") = "EL.Core", "EL.Core\EL.Core.csproj", "{826D4F9A-5A8A-41D4-97CF-628BB6D225AC}"
EndProject
Project("{FAE04EC0-301F-11D3-BF4B-00C04F79EFBC}") = "EL.DataContracts.General", "EL.DataContracts.General\EL.DataContracts.General.csproj", "{76EF448F-7BBF-4956-8A96-7CE699B4F468}"
EndProject
Global
	GlobalSection(SolutionConfigurationPlatforms) = preSolution
		Debug|Any CPU = Debug|Any CPU
		Release|Any CPU = Release|Any CPU
	EndGlobalSection
	GlobalSection(ProjectConfigurationPlatforms) = postSolution
		{2A932FC6-B474-4B0A-A24B-EC052A35F34C}.Debug|Any CPU.ActiveCfg = Debug|Any CPU
		{2A932FC6-B474-4B0A-A24B-EC052A35F34C}.Debug|Any CPU.Build.0 = Debug|Any CPU
		{2A932FC6-B474-4B0A-A24B-EC052A35F34C}.Release|Any CPU.ActiveCfg = Release|Any CPU
		{2A932FC6-B474-4B0A-A24B-EC052A35F34C}.Release|Any CPU.Build.0 = Release|Any CPU
		{6A6E33CD-184C-4093-8B77-4CBB2F7B2861}.Debug|Any CPU.ActiveCfg = Debug|Any CPU
		{6A6E33CD-184C-4093-8B77-4CBB2F7B2861}.Debug|Any CPU.Build.0 = Debug|Any CPU
		{6A6E33CD-184C-4093-8B77-4CBB2F7B2861}.Release|Any CPU.ActiveCfg = Release|Any CPU
		{6A6E33CD-184C-4093-8B77-4CBB2F7B2861}.Release|Any CPU.Build.0 = Release|Any CPU
		{8426919A-7D87-450B-9567-85734040CDEB}.Debug|Any CPU.ActiveCfg = Debug|Any CPU
		{8426919A-7D87-450B-9567-85734040CDEB}.Debug|Any CPU.Build.0 = Debug|Any CPU
		{8426919A-7D87-450B-9567-85734040CDEB}.Release|Any CPU.ActiveCfg = Release|Any CPU
		{8426919A-7D87-450B-9567-85734040CDEB}.Release|Any CPU.Build.0 = Release|Any CPU
		{DC1B4790-B09D-4054-9026-C7ACD29A12A2}.Debug|Any CPU.ActiveCfg = Debug|Any CPU
		{DC1B4790-B09D-4054-9026-C7ACD29A12A2}.Debug|Any CPU.Build.0 = Debug|Any CPU
		{DC1B4790-B09D-4054-9026-C7ACD29A12A2}.Release|Any CPU.ActiveCfg = Release|Any CPU
		{DC1B4790-B09D-4054-9026-C7ACD29A12A2}.Release|Any CPU.Build.0 = Release|Any CPU
		{826D4F9A-5A8A-41D4-97CF-628BB6D225AC}.Debug|Any CPU.ActiveCfg = Debug|Any CPU
		{826D4F9A-5A8A-41D4-97CF-628BB6D225AC}.Debug|Any CPU.Build.0 = Debug|Any CPU
		{826D4F9A-5A8A-41D4-97CF-628BB6D225AC}.Release|Any CPU.ActiveCfg = Release|Any CPU
		{826D4F9A-5A8A-41D4-97CF-628BB6D225AC}.Release|Any CPU.Build.0 = Release|Any CPU
		{76EF448F-7BBF-4956-8A96-7CE699B4F468}.Debug|Any CPU.ActiveCfg = Debug|Any CPU
		{76EF448F-7BBF-4956-8A96-7CE699B4F468}.Debug|Any CPU.Build.0 = Debug|Any CPU
		{76EF448F-7BBF-4956-8A96-7CE699B4F468}.Release|Any CPU.ActiveCfg = Release|Any CPU
		{76EF448F-7BBF-4956-8A96-7CE699B4F468}.Release|Any CPU.Build.0 = Release|Any CPU
	EndGlobalSection
	GlobalSection(SolutionProperties) = preSolution
		HideSolutionNode = FALSE
	EndGlobalSection
	GlobalSection(ExtensibilityGlobals) = postSolution
		EnterpriseLibraryConfigurationToolBinariesPathV6 = packages\EnterpriseLibrary.Common.6.0.1304.0\lib\NET45
	EndGlobalSection
EndGlobal
